
Microsoft Visual Studio Solution File, Format Version 10.00
# Visual Studio 2008
# SharpDevelop 3.1.0.4077
Project("{FAE04EC0-301F-11D3-BF4B-00C04F79EFBC}") = "Rasp", "Rasp\Rasp.csproj", "{1C76C9E1-F1CA-46B2-8BD6-26806E099ED6}"
EndProject
Global
	GlobalSection(SolutionConfigurationPlatforms) = preSolution
		Debug|Any CPU = Debug|Any CPU
		Release|Any CPU = Release|Any CPU
	EndGlobalSection
	GlobalSection(ProjectConfigurationPlatforms) = postSolution
		{1C76C9E1-F1CA-46B2-8BD6-26806E099ED6}.Debug|Any CPU.Build.0 = Debug|Any CPU
		{1C76C9E1-F1CA-46B2-8BD6-26806E099ED6}.Debug|Any CPU.ActiveCfg = Debug|Any CPU
		{1C76C9E1-F1CA-46B2-8BD6-26806E099ED6}.Release|Any CPU.Build.0 = Release|Any CPU
		{1C76C9E1-F1CA-46B2-8BD6-26806E099ED6}.Release|Any CPU.ActiveCfg = Release|Any CPU
	EndGlobalSection
EndGlobal
